
Microsoft Visual Studio Solution File, Format Version 12.00
# Visual Studio 15
VisualStudioVersion = 15.0.28307.852
MinimumVisualStudioVersion = 10.0.40219.1
Project("{FAE04EC0-301F-11D3-BF4B-00C04F79EFBC}") = "VierOPEenRij", "VierOPEenRij\VierOPEenRij.csproj", "{0F0847CA-C7CC-469D-9515-F14E5AB33046}"
EndProject
Project("{2150E333-8FDC-42A3-9474-1A3956D46DE8}") = "Game-VierOpEenRij", "Game-VierOpEenRij", "{F11988F2-B3AF-434C-9334-C7BAD5255B9C}"
EndProject
Project("{2150E333-8FDC-42A3-9474-1A3956D46DE8}") = "Client", "Client", "{C5A6FB2B-ED26-4E6B-82F7-653B6BE504DF}"
EndProject
Project("{2150E333-8FDC-42A3-9474-1A3956D46DE8}") = "Server", "Server", "{0834FD4F-5D5A-46F9-8241-97D921D2CD0C}"
EndProject
Global
	GlobalSection(SolutionConfigurationPlatforms) = preSolution
		Debug|Any CPU = Debug|Any CPU
		Release|Any CPU = Release|Any CPU
	EndGlobalSection
	GlobalSection(ProjectConfigurationPlatforms) = postSolution
		{0F0847CA-C7CC-469D-9515-F14E5AB33046}.Debug|Any CPU.ActiveCfg = Debug|Any CPU
		{0F0847CA-C7CC-469D-9515-F14E5AB33046}.Debug|Any CPU.Build.0 = Debug|Any CPU
		{0F0847CA-C7CC-469D-9515-F14E5AB33046}.Release|Any CPU.ActiveCfg = Release|Any CPU
		{0F0847CA-C7CC-469D-9515-F14E5AB33046}.Release|Any CPU.Build.0 = Release|Any CPU
	EndGlobalSection
	GlobalSection(SolutionProperties) = preSolution
		HideSolutionNode = FALSE
	EndGlobalSection
	GlobalSection(NestedProjects) = preSolution
		{0F0847CA-C7CC-469D-9515-F14E5AB33046} = {F11988F2-B3AF-434C-9334-C7BAD5255B9C}
	EndGlobalSection
	GlobalSection(ExtensibilityGlobals) = postSolution
		SolutionGuid = {57457A8C-41EF-4A21-822F-6703A9F0264B}
	EndGlobalSection
EndGlobal
